
Microsoft Visual Studio Solution File, Format Version 12.00
# Visual Studio 15
VisualStudioVersion = 15.0.28307.102
MinimumVisualStudioVersion = 10.0.40219.1
Project("{FAE04EC0-301F-11D3-BF4B-00C04F79EFBC}") = "Teachify.Android", "Teachify\Teachify.Android\Teachify.Android.csproj", "{E8ECA61A-2242-4E6A-8BB3-2DA493BA23DD}"
EndProject
Project("{FAE04EC0-301F-11D3-BF4B-00C04F79EFBC}") = "Teachify.iOS", "Teachify\Teachify.iOS\Teachify.iOS.csproj", "{520927F2-492F-48DE-9CDF-B22CE20FB7C5}"
EndProject
Project("{FAE04EC0-301F-11D3-BF4B-00C04F79EFBC}") = "Teachify", "Teachify\Teachify\Teachify.csproj", "{02249C8B-CF20-46F6-BAF6-59EDD13DAD9D}"
EndProject
Global
	GlobalSection(SolutionConfigurationPlatforms) = preSolution
		Ad-Hoc|Any CPU = Ad-Hoc|Any CPU
		Ad-Hoc|iPhone = Ad-Hoc|iPhone
		Ad-Hoc|iPhoneSimulator = Ad-Hoc|iPhoneSimulator
		AppStore|Any CPU = AppStore|Any CPU
		AppStore|iPhone = AppStore|iPhone
		AppStore|iPhoneSimulator = AppStore|iPhoneSimulator
		Debug|Any CPU = Debug|Any CPU
		Debug|iPhone = Debug|iPhone
		Debug|iPhoneSimulator = Debug|iPhoneSimulator
		Release|Any CPU = Release|Any CPU
		Release|iPhone = Release|iPhone
		Release|iPhoneSimulator = Release|iPhoneSimulator
	EndGlobalSection
	GlobalSection(ProjectConfigurationPlatforms) = postSolution
		{E8ECA61A-2242-4E6A-8BB3-2DA493BA23DD}.Ad-Hoc|Any CPU.ActiveCfg = Release|Any CPU
		{E8ECA61A-2242-4E6A-8BB3-2DA493BA23DD}.Ad-Hoc|Any CPU.Build.0 = Release|Any CPU
		{E8ECA61A-2242-4E6A-8BB3-2DA493BA23DD}.Ad-Hoc|Any CPU.Deploy.0 = Release|Any CPU
		{E8ECA61A-2242-4E6A-8BB3-2DA493BA23DD}.Ad-Hoc|iPhone.ActiveCfg = Release|Any CPU
		{E8ECA61A-2242-4E6A-8BB3-2DA493BA23DD}.Ad-Hoc|iPhone.Build.0 = Release|Any CPU
		{E8ECA61A-2242-4E6A-8BB3-2DA493BA23DD}.Ad-Hoc|iPhone.Deploy.0 = Release|Any CPU
		{E8ECA61A-2242-4E6A-8BB3-2DA493BA23DD}.Ad-Hoc|iPhoneSimulator.ActiveCfg = Release|Any CPU
		{E8ECA61A-2242-4E6A-8BB3-2DA493BA23DD}.Ad-Hoc|iPhoneSimulator.Build.0 = Release|Any CPU
		{E8ECA61A-2242-4E6A-8BB3-2DA493BA23DD}.Ad-Hoc|iPhoneSimulator.Deploy.0 = Release|Any CPU
		{E8ECA61A-2242-4E6A-8BB3-2DA493BA23DD}.AppStore|Any CPU.ActiveCfg = Release|Any CPU
		{E8ECA61A-2242-4E6A-8BB3-2DA493BA23DD}.AppStore|Any CPU.Build.0 = Release|Any CPU
		{E8ECA61A-2242-4E6A-8BB3-2DA493BA23DD}.AppStore|Any CPU.Deploy.0 = Release|Any CPU
		{E8ECA61A-2242-4E6A-8BB3-2DA493BA23DD}.AppStore|iPhone.ActiveCfg = Release|Any CPU
		{E8ECA61A-2242-4E6A-8BB3-2DA493BA23DD}.AppStore|iPhone.Build.0 = Release|Any CPU
		{E8ECA61A-2242-4E6A-8BB3-2DA493BA23DD}.AppStore|iPhone.Deploy.0 = Release|Any CPU
		{E8ECA61A-2242-4E6A-8BB3-2DA493BA23DD}.AppStore|iPhoneSimulator.ActiveCfg = Release|Any CPU
		{E8ECA61A-2242-4E6A-8BB3-2DA493BA23DD}.AppStore|iPhoneSimulator.Build.0 = Release|Any CPU
		{E8ECA61A-2242-4E6A-8BB3-2DA493BA23DD}.AppStore|iPhoneSimulator.Deploy.0 = Release|Any CPU
		{E8ECA61A-2242-4E6A-8BB3-2DA493BA23DD}.Debug|Any CPU.ActiveCfg = Debug|Any CPU
		{E8ECA61A-2242-4E6A-8BB3-2DA493BA23DD}.Debug|Any CPU.Build.0 = Debug|Any CPU
		{E8ECA61A-2242-4E6A-8BB3-2DA493BA23DD}.Debug|Any CPU.Deploy.0 = Debug|Any CPU
		{E8ECA61A-2242-4E6A-8BB3-2DA493BA23DD}.Debug|iPhone.ActiveCfg = Debug|Any CPU
		{E8ECA61A-2242-4E6A-8BB3-2DA493BA23DD}.Debug|iPhone.Build.0 = Debug|Any CPU
		{E8ECA61A-2242-4E6A-8BB3-2DA493BA23DD}.Debug|iPhone.Deploy.0 = Debug|Any CPU
		{E8ECA61A-2242-4E6A-8BB3-2DA493BA23DD}.Debug|iPhoneSimulator.ActiveCfg = Debug|Any CPU
		{E8ECA61A-2242-4E6A-8BB3-2DA493BA23DD}.Debug|iPhoneSimulator.Build.0 = Debug|Any CPU
		{E8ECA61A-2242-4E6A-8BB3-2DA493BA23DD}.Debug|iPhoneSimulator.Deploy.0 = Debug|Any CPU
		{E8ECA61A-2242-4E6A-8BB3-2DA493BA23DD}.Release|Any CPU.ActiveCfg = Release|Any CPU
		{E8ECA61A-2242-4E6A-8BB3-2DA493BA23DD}.Release|Any CPU.Build.0 = Release|Any CPU
		{E8ECA61A-2242-4E6A-8BB3-2DA493BA23DD}.Release|Any CPU.Deploy.0 = Release|Any CPU
		{E8ECA61A-2242-4E6A-8BB3-2DA493BA23DD}.Release|iPhone.ActiveCfg = Release|Any CPU
		{E8ECA61A-2242-4E6A-8BB3-2DA493BA23DD}.Release|iPhone.Build.0 = Release|Any CPU
		{E8ECA61A-2242-4E6A-8BB3-2DA493BA23DD}.Release|iPhone.Deploy.0 = Release|Any CPU
		{E8ECA61A-2242-4E6A-8BB3-2DA493BA23DD}.Release|iPhoneSimulator.ActiveCfg = Release|Any CPU
		{E8ECA61A-2242-4E6A-8BB3-2DA493BA23DD}.Release|iPhoneSimulator.Build.0 = Release|Any CPU
		{E8ECA61A-2242-4E6A-8BB3-2DA493BA23DD}.Release|iPhoneSimulator.Deploy.0 = Release|Any CPU
		{520927F2-492F-48DE-9CDF-B22CE20FB7C5}.Ad-Hoc|Any CPU.ActiveCfg = Ad-Hoc|iPhone
		{520927F2-492F-48DE-9CDF-B22CE20FB7C5}.Ad-Hoc|Any CPU.Build.0 = Ad-Hoc|iPhone
		{520927F2-492F-48DE-9CDF-B22CE20FB7C5}.Ad-Hoc|Any CPU.Deploy.0 = Ad-Hoc|iPhone
		{520927F2-492F-48DE-9CDF-B22CE20FB7C5}.Ad-Hoc|iPhone.ActiveCfg = Ad-Hoc|iPhone
		{520927F2-492F-48DE-9CDF-B22CE20FB7C5}.Ad-Hoc|iPhone.Build.0 = Ad-Hoc|iPhone
		{520927F2-492F-48DE-9CDF-B22CE20FB7C5}.Ad-Hoc|iPhone.Deploy.0 = Ad-Hoc|iPhone
		{520927F2-492F-48DE-9CDF-B22CE20FB7C5}.Ad-Hoc|iPhoneSimulator.ActiveCfg = Ad-Hoc|iPhoneSimulator
		{520927F2-492F-48DE-9CDF-B22CE20FB7C5}.Ad-Hoc|iPhoneSimulator.Build.0 = Ad-Hoc|iPhoneSimulator
		{520927F2-492F-48DE-9CDF-B22CE20FB7C5}.Ad-Hoc|iPhoneSimulator.Deploy.0 = Ad-Hoc|iPhoneSimulator
		{520927F2-492F-48DE-9CDF-B22CE20FB7C5}.AppStore|Any CPU.ActiveCfg = AppStore|iPhone
		{520927F2-492F-48DE-9CDF-B22CE20FB7C5}.AppStore|Any CPU.Build.0 = AppStore|iPhone
		{520927F2-492F-48DE-9CDF-B22CE20FB7C5}.AppStore|Any CPU.Deploy.0 = AppStore|iPhone
		{520927F2-492F-48DE-9CDF-B22CE20FB7C5}.AppStore|iPhone.ActiveCfg = AppStore|iPhone
		{520927F2-492F-48DE-9CDF-B22CE20FB7C5}.AppStore|iPhone.Build.0 = AppStore|iPhone
		{520927F2-492F-48DE-9CDF-B22CE20FB7C5}.AppStore|iPhone.Deploy.0 = AppStore|iPhone
		{520927F2-492F-48DE-9CDF-B22CE20FB7C5}.AppStore|iPhoneSimulator.ActiveCfg = AppStore|iPhoneSimulator
		{520927F2-492F-48DE-9CDF-B22CE20FB7C5}.AppStore|iPhoneSimulator.Build.0 = AppStore|iPhoneSimulator
		{520927F2-492F-48DE-9CDF-B22CE20FB7C5}.AppStore|iPhoneSimulator.Deploy.0 = AppStore|iPhoneSimulator
		{520927F2-492F-48DE-9CDF-B22CE20FB7C5}.Debug|Any CPU.ActiveCfg = Debug|iPhoneSimulator
		{520927F2-492F-48DE-9CDF-B22CE20FB7C5}.Debug|Any CPU.Build.0 = Debug|iPhoneSimulator
		{520927F2-492F-48DE-9CDF-B22CE20FB7C5}.Debug|Any CPU.Deploy.0 = Debug|iPhoneSimulator
		{520927F2-492F-48DE-9CDF-B22CE20FB7C5}.Debug|iPhone.ActiveCfg = Debug|iPhone
		{520927F2-492F-48DE-9CDF-B22CE20FB7C5}.Debug|iPhone.Build.0 = Debug|iPhone
		{520927F2-492F-48DE-9CDF-B22CE20FB7C5}.Debug|iPhone.Deploy.0 = Debug|iPhone
		{520927F2-492F-48DE-9CDF-B22CE20FB7C5}.Debug|iPhoneSimulator.ActiveCfg = Debug|iPhoneSimulator
		{520927F2-492F-48DE-9CDF-B22CE20FB7C5}.Debug|iPhoneSimulator.Build.0 = Debug|iPhoneSimulator
		{520927F2-492F-48DE-9CDF-B22CE20FB7C5}.Debug|iPhoneSimulator.Deploy.0 = Debug|iPhoneSimulator
		{520927F2-492F-48DE-9CDF-B22CE20FB7C5}.Release|Any CPU.ActiveCfg = Release|iPhone
		{520927F2-492F-48DE-9CDF-B22CE20FB7C5}.Release|Any CPU.Build.0 = Release|iPhone
		{520927F2-492F-48DE-9CDF-B22CE20FB7C5}.Release|Any CPU.Deploy.0 = Release|iPhone
		{520927F2-492F-48DE-9CDF-B22CE20FB7C5}.Release|iPhone.ActiveCfg = Release|iPhone
		{520927F2-492F-48DE-9CDF-B22CE20FB7C5}.Release|iPhone.Build.0 = Release|iPhone
		{520927F2-492F-48DE-9CDF-B22CE20FB7C5}.Release|iPhone.Deploy.0 = Release|iPhone
		{520927F2-492F-48DE-9CDF-B22CE20FB7C5}.Release|iPhoneSimulator.ActiveCfg = Release|iPhoneSimulator
		{520927F2-492F-48DE-9CDF-B22CE20FB7C5}.Release|iPhoneSimulator.Build.0 = Release|iPhoneSimulator
		{520927F2-492F-48DE-9CDF-B22CE20FB7C5}.Release|iPhoneSimulator.Deploy.0 = Release|iPhoneSimulator
		{02249C8B-CF20-46F6-BAF6-59EDD13DAD9D}.Ad-Hoc|Any CPU.ActiveCfg = Debug|Any CPU
		{02249C8B-CF20-46F6-BAF6-59EDD13DAD9D}.Ad-Hoc|Any CPU.Build.0 = Debug|Any CPU
		{02249C8B-CF20-46F6-BAF6-59EDD13DAD9D}.Ad-Hoc|Any CPU.Deploy.0 = Debug|Any CPU
		{02249C8B-CF20-46F6-BAF6-59EDD13DAD9D}.Ad-Hoc|iPhone.ActiveCfg = Debug|Any CPU
		{02249C8B-CF20-46F6-BAF6-59EDD13DAD9D}.Ad-Hoc|iPhone.Build.0 = Debug|Any CPU
		{02249C8B-CF20-46F6-BAF6-59EDD13DAD9D}.Ad-Hoc|iPhone.Deploy.0 = Debug|Any CPU
		{02249C8B-CF20-46F6-BAF6-59EDD13DAD9D}.Ad-Hoc|iPhoneSimulator.ActiveCfg = Debug|Any CPU
		{02249C8B-CF20-46F6-BAF6-59EDD13DAD9D}.Ad-Hoc|iPhoneSimulator.Build.0 = Debug|Any CPU
		{02249C8B-CF20-46F6-BAF6-59EDD13DAD9D}.Ad-Hoc|iPhoneSimulator.Deploy.0 = Debug|Any CPU
		{02249C8B-CF20-46F6-BAF6-59EDD13DAD9D}.AppStore|Any CPU.ActiveCfg = Debug|Any CPU
		{02249C8B-CF20-46F6-BAF6-59EDD13DAD9D}.AppStore|Any CPU.Build.0 = Debug|Any CPU
		{02249C8B-CF20-46F6-BAF6-59EDD13DAD9D}.AppStore|Any CPU.Deploy.0 = Debug|Any CPU
		{02249C8B-CF20-46F6-BAF6-59EDD13DAD9D}.AppStore|iPhone.ActiveCfg = Debug|Any CPU
		{02249C8B-CF20-46F6-BAF6-59EDD13DAD9D}.AppStore|iPhone.Build.0 = Debug|Any CPU
		{02249C8B-CF20-46F6-BAF6-59EDD13DAD9D}.AppStore|iPhone.Deploy.0 = Debug|Any CPU
		{02249C8B-CF20-46F6-BAF6-59EDD13DAD9D}.AppStore|iPhoneSimulator.ActiveCfg = Debug|Any CPU
		{02249C8B-CF20-46F6-BAF6-59EDD13DAD9D}.AppStore|iPhoneSimulator.Build.0 = Debug|Any CPU
		{02249C8B-CF20-46F6-BAF6-59EDD13DAD9D}.AppStore|iPhoneSimulator.Deploy.0 = Debug|Any CPU
		{02249C8B-CF20-46F6-BAF6-59EDD13DAD9D}.Debug|Any CPU.ActiveCfg = Debug|Any CPU
		{02249C8B-CF20-46F6-BAF6-59EDD13DAD9D}.Debug|Any CPU.Build.0 = Debug|Any CPU
		{02249C8B-CF20-46F6-BAF6-59EDD13DAD9D}.Debug|Any CPU.Deploy.0 = Debug|Any CPU
		{02249C8B-CF20-46F6-BAF6-59EDD13DAD9D}.Debug|iPhone.ActiveCfg = Debug|Any CPU
		{02249C8B-CF20-46F6-BAF6-59EDD13DAD9D}.Debug|iPhone.Build.0 = Debug|Any CPU
		{02249C8B-CF20-46F6-BAF6-59EDD13DAD9D}.Debug|iPhone.Deploy.0 = Debug|Any CPU
		{02249C8B-CF20-46F6-BAF6-59EDD13DAD9D}.Debug|iPhoneSimulator.ActiveCfg = Debug|Any CPU
		{02249C8B-CF20-46F6-BAF6-59EDD13DAD9D}.Debug|iPhoneSimulator.Build.0 = Debug|Any CPU
		{02249C8B-CF20-46F6-BAF6-59EDD13DAD9D}.Debug|iPhoneSimulator.Deploy.0 = Debug|Any CPU
		{02249C8B-CF20-46F6-BAF6-59EDD13DAD9D}.Release|Any CPU.ActiveCfg = Release|Any CPU
		{02249C8B-CF20-46F6-BAF6-59EDD13DAD9D}.Release|Any CPU.Build.0 = Release|Any CPU
		{02249C8B-CF20-46F6-BAF6-59EDD13DAD9D}.Release|Any CPU.Deploy.0 = Release|Any CPU
		{02249C8B-CF20-46F6-BAF6-59EDD13DAD9D}.Release|iPhone.ActiveCfg = Release|Any CPU
		{02249C8B-CF20-46F6-BAF6-59EDD13DAD9D}.Release|iPhone.Build.0 = Release|Any CPU
		{02249C8B-CF20-46F6-BAF6-59EDD13DAD9D}.Release|iPhone.Deploy.0 = Release|Any CPU
		{02249C8B-CF20-46F6-BAF6-59EDD13DAD9D}.Release|iPhoneSimulator.ActiveCfg = Release|Any CPU
		{02249C8B-CF20-46F6-BAF6-59EDD13DAD9D}.Release|iPhoneSimulator.Build.0 = Release|Any CPU
		{02249C8B-CF20-46F6-BAF6-59EDD13DAD9D}.Release|iPhoneSimulator.Deploy.0 = Release|Any CPU
	EndGlobalSection
	GlobalSection(SolutionProperties) = preSolution
		HideSolutionNode = FALSE
	EndGlobalSection
	GlobalSection(ExtensibilityGlobals) = postSolution
		SolutionGuid = {D286A1A2-7E88-465F-A3BC-5499B88190BA}
	EndGlobalSection
EndGlobal
